
Microsoft Visual Studio Solution File, Format Version 12.00
# Visual Studio Version 16
VisualStudioVersion = 16.0.28803.352
MinimumVisualStudioVersion = 10.0.40219.1
Project("{FAE04EC0-301F-11D3-BF4B-00C04F79EFBC}") = "huncho", "huncho\huncho.csproj", "{14F03578-8529-4E29-B9DD-A9E01A9D1D15}"
EndProject
Project("{FAE04EC0-301F-11D3-BF4B-00C04F79EFBC}") = "huncho.Tests", "huncho.Tests\huncho.Tests.csproj", "{86F877A8-63EB-4FFD-94CA-7BA72D888648}"
EndProject
Global
	GlobalSection(SolutionConfigurationPlatforms) = preSolution
		Debug|Any CPU = Debug|Any CPU
		Release|Any CPU = Release|Any CPU
	EndGlobalSection
	GlobalSection(ProjectConfigurationPlatforms) = postSolution
		{14F03578-8529-4E29-B9DD-A9E01A9D1D15}.Debug|Any CPU.ActiveCfg = Debug|Any CPU
		{14F03578-8529-4E29-B9DD-A9E01A9D1D15}.Debug|Any CPU.Build.0 = Debug|Any CPU
		{14F03578-8529-4E29-B9DD-A9E01A9D1D15}.Release|Any CPU.ActiveCfg = Release|Any CPU
		{14F03578-8529-4E29-B9DD-A9E01A9D1D15}.Release|Any CPU.Build.0 = Release|Any CPU
		{86F877A8-63EB-4FFD-94CA-7BA72D888648}.Debug|Any CPU.ActiveCfg = Debug|Any CPU
		{86F877A8-63EB-4FFD-94CA-7BA72D888648}.Debug|Any CPU.Build.0 = Debug|Any CPU
		{86F877A8-63EB-4FFD-94CA-7BA72D888648}.Release|Any CPU.ActiveCfg = Release|Any CPU
		{86F877A8-63EB-4FFD-94CA-7BA72D888648}.Release|Any CPU.Build.0 = Release|Any CPU
	EndGlobalSection
	GlobalSection(SolutionProperties) = preSolution
		HideSolutionNode = FALSE
	EndGlobalSection
	GlobalSection(ExtensibilityGlobals) = postSolution
		SolutionGuid = {62239801-0E2B-4669-89B0-9F8C60928EDA}
	EndGlobalSection
EndGlobal
